
Microsoft Visual Studio Solution File, Format Version 12.00
# Visual Studio Version 17
VisualStudioVersion = 17.4.33213.308
MinimumVisualStudioVersion = 10.0.40219.1
Project("{2150E333-8FDC-42A3-9474-1A3956D46DE8}") = "FormsBudgeter", "FormsBudgeter", "{FD53D91B-89C8-4E78-8870-38429ACB27E3}"
EndProject
Project("{2150E333-8FDC-42A3-9474-1A3956D46DE8}") = "Common", "Common", "{6AC71520-9D21-4146-972E-D9FA4DDD9019}"
EndProject
Project("{2150E333-8FDC-42A3-9474-1A3956D46DE8}") = "Tests", "Tests", "{FE738935-FFAA-4B40-A051-A6F9B8D58964}"
EndProject
Project("{2150E333-8FDC-42A3-9474-1A3956D46DE8}") = "Helpers", "Helpers", "{BB82934D-28DD-407E-984D-39767D8455B8}"
EndProject
Project("{2150E333-8FDC-42A3-9474-1A3956D46DE8}") = "Utilities", "Utilities", "{ACB44254-D3B3-42F4-826E-63A377AEC494}"
EndProject
Project("{2150E333-8FDC-42A3-9474-1A3956D46DE8}") = "InBudget", "InBudget", "{181DDD13-5842-4AEF-B89F-B2F4F4861346}"
EndProject
Project("{2150E333-8FDC-42A3-9474-1A3956D46DE8}") = "WebBankBudgeter-Service", "WebBankBudgeter-Service", "{D6766080-123A-44CA-9F31-2638B9403286}"
EndProject
Project("{2150E333-8FDC-42A3-9474-1A3956D46DE8}") = "Ui", "Ui", "{9C9A93BC-FC73-4C77-B0D3-62B3B7F2B8AF}"
EndProject
Project("{9A19103F-16F7-4668-BE54-9A1E7A4F7556}") = "WebBankBudgeterUi", "WebBankBudgeterUi\WebBankBudgeterUi.csproj", "{D320C7AB-2F99-486A-B990-47A526CB9F2E}"
EndProject
Project("{9A19103F-16F7-4668-BE54-9A1E7A4F7556}") = "BudgetterarnUi", "BudgetterarnUi\BudgetterarnUi.csproj", "{898782DA-6E44-4BC0-8402-347A5672E4F5}"
EndProject
Project("{9A19103F-16F7-4668-BE54-9A1E7A4F7556}") = "BudgeterCore", "BudgeterCore\BudgeterCore.csproj", "{BB69A37D-DFF0-430D-9E49-BB1A623D1C18}"
EndProject
Project("{FAE04EC0-301F-11D3-BF4B-00C04F79EFBC}") = "CategoryHandler", "CategoryHandler\CategoryHandler.csproj", "{D3E49CDA-4C5F-4D76-8F44-3C9F84E15270}"
EndProject
Project("{FAE04EC0-301F-11D3-BF4B-00C04F79EFBC}") = "GeneralSettingsHandler", "GeneralSettingsHandler\GeneralSettingsHandler.csproj", "{CCAD16FB-995C-4BAE-AD25-19431013F78E}"
EndProject
Project("{FAE04EC0-301F-11D3-BF4B-00C04F79EFBC}") = "LoadTransactionsFromFile", "LoadTransactionsFromFile\LoadTransactionsFromFile.csproj", "{EF7C6B2D-775F-4638-A010-E2A1402858A7}"
EndProject
Project("{FAE04EC0-301F-11D3-BF4B-00C04F79EFBC}") = "XmlSerializer", "XmlSerializer\XmlSerializer.csproj", "{3D0EADBF-4F81-4324-8BD7-A073CC638F72}"
EndProject
Project("{FAE04EC0-301F-11D3-BF4B-00C04F79EFBC}") = "InbudgetHandler", "InbudgetHandler\InbudgetHandler.csproj", "{AB55F9CC-4FB6-4E80-A18D-EC5A390DD2B8}"
EndProject
Project("{FAE04EC0-301F-11D3-BF4B-00C04F79EFBC}") = "WebBankBudgeterService", "WebBankBudgeterService\WebBankBudgeterService.csproj", "{A4D51DDC-3DA7-4776-BBE6-11D3591D9035}"
EndProject
Project("{FAE04EC0-301F-11D3-BF4B-00C04F79EFBC}") = "RefLesses", "RefLesses\RefLesses.csproj", "{E23C6D8F-ACFF-4FC2-A1CB-1E98B9479B30}"
EndProject
Project("{FAE04EC0-301F-11D3-BF4B-00C04F79EFBC}") = "FileTests", "FileTests\FileTests.csproj", "{03D6B7A7-5C7B-4F70-BB98-7933A428174F}"
EndProject
Project("{FAE04EC0-301F-11D3-BF4B-00C04F79EFBC}") = "GeneralSettingsTests", "GeneralSettingsTests\GeneralSettingsTests.csproj", "{FD50BF29-53FB-4776-AADA-C47C9B2C3A15}"
EndProject
Project("{FAE04EC0-301F-11D3-BF4B-00C04F79EFBC}") = "BudgetterarnUiTest", "BudgetterarnUiTest\BudgetterarnUiTest.csproj", "{9D954986-6BE0-48CA-91F1-BA1A8FD03218}"
EndProject
Project("{FAE04EC0-301F-11D3-BF4B-00C04F79EFBC}") = "UtilitiesTest", "UtilitiesTest\UtilitiesTest.csproj", "{C89D925C-7BB2-4F53-9A0C-DAE268369E9D}"
EndProject
Project("{FAE04EC0-301F-11D3-BF4B-00C04F79EFBC}") = "WebBankBudgeterServiceTest", "WebBankBudgeterServiceTest\WebBankBudgeterServiceTest.csproj", "{719B28C1-9B4C-4DAB-A7CD-0169724949FA}"
EndProject
Project("{FAE04EC0-301F-11D3-BF4B-00C04F79EFBC}") = "InbudgetHandlerTest", "InbudgetHandlerTest\InbudgetHandlerTest.csproj", "{6AAAADFC-AC1C-4EB9-9BB6-11D8BE6FFD69}"
EndProject
Project("{FAE04EC0-301F-11D3-BF4B-00C04F79EFBC}") = "BudgetterarnDAL", "BudgetterarnDAL\BudgetterarnDAL.csproj", "{0E238DA8-D393-4502-A90B-E4E3BF744F12}"
EndProject
Project("{2150E333-8FDC-42A3-9474-1A3956D46DE8}") = "Old", "Old", "{18237F85-6880-4154-B167-026735966844}"
EndProject
Project("{FAE04EC0-301F-11D3-BF4B-00C04F79EFBC}") = "Utilities", "UtilitiesOld\Utilities.csproj", "{E6BFFA45-E5F3-48D1-A5A8-953A37B6E7E7}"
EndProject
Global
	GlobalSection(SolutionConfigurationPlatforms) = preSolution
		Debug|Any CPU = Debug|Any CPU
		Debug|Mixed Platforms = Debug|Mixed Platforms
		Debug|Win32 = Debug|Win32
		Release|Any CPU = Release|Any CPU
		Release|Mixed Platforms = Release|Mixed Platforms
		Release|Win32 = Release|Win32
	EndGlobalSection
	GlobalSection(ProjectConfigurationPlatforms) = postSolution
		{D320C7AB-2F99-486A-B990-47A526CB9F2E}.Debug|Any CPU.ActiveCfg = Debug|Any CPU
		{D320C7AB-2F99-486A-B990-47A526CB9F2E}.Debug|Any CPU.Build.0 = Debug|Any CPU
		{D320C7AB-2F99-486A-B990-47A526CB9F2E}.Debug|Mixed Platforms.ActiveCfg = Debug|Any CPU
		{D320C7AB-2F99-486A-B990-47A526CB9F2E}.Debug|Mixed Platforms.Build.0 = Debug|Any CPU
		{D320C7AB-2F99-486A-B990-47A526CB9F2E}.Debug|Win32.ActiveCfg = Debug|Any CPU
		{D320C7AB-2F99-486A-B990-47A526CB9F2E}.Debug|Win32.Build.0 = Debug|Any CPU
		{D320C7AB-2F99-486A-B990-47A526CB9F2E}.Release|Any CPU.ActiveCfg = Release|Any CPU
		{D320C7AB-2F99-486A-B990-47A526CB9F2E}.Release|Any CPU.Build.0 = Release|Any CPU
		{D320C7AB-2F99-486A-B990-47A526CB9F2E}.Release|Mixed Platforms.ActiveCfg = Release|Any CPU
		{D320C7AB-2F99-486A-B990-47A526CB9F2E}.Release|Mixed Platforms.Build.0 = Release|Any CPU
		{D320C7AB-2F99-486A-B990-47A526CB9F2E}.Release|Win32.ActiveCfg = Release|Any CPU
		{D320C7AB-2F99-486A-B990-47A526CB9F2E}.Release|Win32.Build.0 = Release|Any CPU
		{898782DA-6E44-4BC0-8402-347A5672E4F5}.Debug|Any CPU.ActiveCfg = Debug|Any CPU
		{898782DA-6E44-4BC0-8402-347A5672E4F5}.Debug|Any CPU.Build.0 = Debug|Any CPU
		{898782DA-6E44-4BC0-8402-347A5672E4F5}.Debug|Mixed Platforms.ActiveCfg = Debug|Any CPU
		{898782DA-6E44-4BC0-8402-347A5672E4F5}.Debug|Mixed Platforms.Build.0 = Debug|Any CPU
		{898782DA-6E44-4BC0-8402-347A5672E4F5}.Debug|Win32.ActiveCfg = Debug|Any CPU
		{898782DA-6E44-4BC0-8402-347A5672E4F5}.Debug|Win32.Build.0 = Debug|Any CPU
		{898782DA-6E44-4BC0-8402-347A5672E4F5}.Release|Any CPU.ActiveCfg = Release|Any CPU
		{898782DA-6E44-4BC0-8402-347A5672E4F5}.Release|Any CPU.Build.0 = Release|Any CPU
		{898782DA-6E44-4BC0-8402-347A5672E4F5}.Release|Mixed Platforms.ActiveCfg = Release|Any CPU
		{898782DA-6E44-4BC0-8402-347A5672E4F5}.Release|Mixed Platforms.Build.0 = Release|Any CPU
		{898782DA-6E44-4BC0-8402-347A5672E4F5}.Release|Win32.ActiveCfg = Release|Any CPU
		{898782DA-6E44-4BC0-8402-347A5672E4F5}.Release|Win32.Build.0 = Release|Any CPU
		{BB69A37D-DFF0-430D-9E49-BB1A623D1C18}.Debug|Any CPU.ActiveCfg = Debug|Any CPU
		{BB69A37D-DFF0-430D-9E49-BB1A623D1C18}.Debug|Any CPU.Build.0 = Debug|Any CPU
		{BB69A37D-DFF0-430D-9E49-BB1A623D1C18}.Debug|Mixed Platforms.ActiveCfg = Debug|Any CPU
		{BB69A37D-DFF0-430D-9E49-BB1A623D1C18}.Debug|Mixed Platforms.Build.0 = Debug|Any CPU
		{BB69A37D-DFF0-430D-9E49-BB1A623D1C18}.Debug|Win32.ActiveCfg = Debug|Any CPU
		{BB69A37D-DFF0-430D-9E49-BB1A623D1C18}.Debug|Win32.Build.0 = Debug|Any CPU
		{BB69A37D-DFF0-430D-9E49-BB1A623D1C18}.Release|Any CPU.ActiveCfg = Release|Any CPU
		{BB69A37D-DFF0-430D-9E49-BB1A623D1C18}.Release|Any CPU.Build.0 = Release|Any CPU
		{BB69A37D-DFF0-430D-9E49-BB1A623D1C18}.Release|Mixed Platforms.ActiveCfg = Release|Any CPU
		{BB69A37D-DFF0-430D-9E49-BB1A623D1C18}.Release|Mixed Platforms.Build.0 = Release|Any CPU
		{BB69A37D-DFF0-430D-9E49-BB1A623D1C18}.Release|Win32.ActiveCfg = Release|Any CPU
		{BB69A37D-DFF0-430D-9E49-BB1A623D1C18}.Release|Win32.Build.0 = Release|Any CPU
		{D3E49CDA-4C5F-4D76-8F44-3C9F84E15270}.Debug|Any CPU.ActiveCfg = Debug|Any CPU
		{D3E49CDA-4C5F-4D76-8F44-3C9F84E15270}.Debug|Any CPU.Build.0 = Debug|Any CPU
		{D3E49CDA-4C5F-4D76-8F44-3C9F84E15270}.Debug|Mixed Platforms.ActiveCfg = Debug|Any CPU
		{D3E49CDA-4C5F-4D76-8F44-3C9F84E15270}.Debug|Mixed Platforms.Build.0 = Debug|Any CPU
		{D3E49CDA-4C5F-4D76-8F44-3C9F84E15270}.Debug|Win32.ActiveCfg = Debug|Any CPU
		{D3E49CDA-4C5F-4D76-8F44-3C9F84E15270}.Debug|Win32.Build.0 = Debug|Any CPU
		{D3E49CDA-4C5F-4D76-8F44-3C9F84E15270}.Release|Any CPU.ActiveCfg = Release|Any CPU
		{D3E49CDA-4C5F-4D76-8F44-3C9F84E15270}.Release|Any CPU.Build.0 = Release|Any CPU
		{D3E49CDA-4C5F-4D76-8F44-3C9F84E15270}.Release|Mixed Platforms.ActiveCfg = Release|Any CPU
		{D3E49CDA-4C5F-4D76-8F44-3C9F84E15270}.Release|Mixed Platforms.Build.0 = Release|Any CPU
		{D3E49CDA-4C5F-4D76-8F44-3C9F84E15270}.Release|Win32.ActiveCfg = Release|Any CPU
		{D3E49CDA-4C5F-4D76-8F44-3C9F84E15270}.Release|Win32.Build.0 = Release|Any CPU
		{CCAD16FB-995C-4BAE-AD25-19431013F78E}.Debug|Any CPU.ActiveCfg = Debug|Any CPU
		{CCAD16FB-995C-4BAE-AD25-19431013F78E}.Debug|Any CPU.Build.0 = Debug|Any CPU
		{CCAD16FB-995C-4BAE-AD25-19431013F78E}.Debug|Mixed Platforms.ActiveCfg = Debug|Any CPU
		{CCAD16FB-995C-4BAE-AD25-19431013F78E}.Debug|Mixed Platforms.Build.0 = Debug|Any CPU
		{CCAD16FB-995C-4BAE-AD25-19431013F78E}.Debug|Win32.ActiveCfg = Debug|Any CPU
		{CCAD16FB-995C-4BAE-AD25-19431013F78E}.Debug|Win32.Build.0 = Debug|Any CPU
		{CCAD16FB-995C-4BAE-AD25-19431013F78E}.Release|Any CPU.ActiveCfg = Release|Any CPU
		{CCAD16FB-995C-4BAE-AD25-19431013F78E}.Release|Any CPU.Build.0 = Release|Any CPU
		{CCAD16FB-995C-4BAE-AD25-19431013F78E}.Release|Mixed Platforms.ActiveCfg = Release|Any CPU
		{CCAD16FB-995C-4BAE-AD25-19431013F78E}.Release|Mixed Platforms.Build.0 = Release|Any CPU
		{CCAD16FB-995C-4BAE-AD25-19431013F78E}.Release|Win32.ActiveCfg = Release|Any CPU
		{CCAD16FB-995C-4BAE-AD25-19431013F78E}.Release|Win32.Build.0 = Release|Any CPU
		{EF7C6B2D-775F-4638-A010-E2A1402858A7}.Debug|Any CPU.ActiveCfg = Debug|Any CPU
		{EF7C6B2D-775F-4638-A010-E2A1402858A7}.Debug|Any CPU.Build.0 = Debug|Any CPU
		{EF7C6B2D-775F-4638-A010-E2A1402858A7}.Debug|Mixed Platforms.ActiveCfg = Debug|Any CPU
		{EF7C6B2D-775F-4638-A010-E2A1402858A7}.Debug|Mixed Platforms.Build.0 = Debug|Any CPU
		{EF7C6B2D-775F-4638-A010-E2A1402858A7}.Debug|Win32.ActiveCfg = Debug|Any CPU
		{EF7C6B2D-775F-4638-A010-E2A1402858A7}.Debug|Win32.Build.0 = Debug|Any CPU
		{EF7C6B2D-775F-4638-A010-E2A1402858A7}.Release|Any CPU.ActiveCfg = Release|Any CPU
		{EF7C6B2D-775F-4638-A010-E2A1402858A7}.Release|Any CPU.Build.0 = Release|Any CPU
		{EF7C6B2D-775F-4638-A010-E2A1402858A7}.Release|Mixed Platforms.ActiveCfg = Release|Any CPU
		{EF7C6B2D-775F-4638-A010-E2A1402858A7}.Release|Mixed Platforms.Build.0 = Release|Any CPU
		{EF7C6B2D-775F-4638-A010-E2A1402858A7}.Release|Win32.ActiveCfg = Release|Any CPU
		{EF7C6B2D-775F-4638-A010-E2A1402858A7}.Release|Win32.Build.0 = Release|Any CPU
		{3D0EADBF-4F81-4324-8BD7-A073CC638F72}.Debug|Any CPU.ActiveCfg = Debug|Any CPU
		{3D0EADBF-4F81-4324-8BD7-A073CC638F72}.Debug|Any CPU.Build.0 = Debug|Any CPU
		{3D0EADBF-4F81-4324-8BD7-A073CC638F72}.Debug|Mixed Platforms.ActiveCfg = Debug|Any CPU
		{3D0EADBF-4F81-4324-8BD7-A073CC638F72}.Debug|Mixed Platforms.Build.0 = Debug|Any CPU
		{3D0EADBF-4F81-4324-8BD7-A073CC638F72}.Debug|Win32.ActiveCfg = Debug|Any CPU
		{3D0EADBF-4F81-4324-8BD7-A073CC638F72}.Debug|Win32.Build.0 = Debug|Any CPU
		{3D0EADBF-4F81-4324-8BD7-A073CC638F72}.Release|Any CPU.ActiveCfg = Release|Any CPU
		{3D0EADBF-4F81-4324-8BD7-A073CC638F72}.Release|Any CPU.Build.0 = Release|Any CPU
		{3D0EADBF-4F81-4324-8BD7-A073CC638F72}.Release|Mixed Platforms.ActiveCfg = Release|Any CPU
		{3D0EADBF-4F81-4324-8BD7-A073CC638F72}.Release|Mixed Platforms.Build.0 = Release|Any CPU
		{3D0EADBF-4F81-4324-8BD7-A073CC638F72}.Release|Win32.ActiveCfg = Release|Any CPU
		{3D0EADBF-4F81-4324-8BD7-A073CC638F72}.Release|Win32.Build.0 = Release|Any CPU
		{AB55F9CC-4FB6-4E80-A18D-EC5A390DD2B8}.Debug|Any CPU.ActiveCfg = Debug|Any CPU
		{AB55F9CC-4FB6-4E80-A18D-EC5A390DD2B8}.Debug|Any CPU.Build.0 = Debug|Any CPU
		{AB55F9CC-4FB6-4E80-A18D-EC5A390DD2B8}.Debug|Mixed Platforms.ActiveCfg = Debug|Any CPU
		{AB55F9CC-4FB6-4E80-A18D-EC5A390DD2B8}.Debug|Mixed Platforms.Build.0 = Debug|Any CPU
		{AB55F9CC-4FB6-4E80-A18D-EC5A390DD2B8}.Debug|Win32.ActiveCfg = Debug|Any CPU
		{AB55F9CC-4FB6-4E80-A18D-EC5A390DD2B8}.Debug|Win32.Build.0 = Debug|Any CPU
		{AB55F9CC-4FB6-4E80-A18D-EC5A390DD2B8}.Release|Any CPU.ActiveCfg = Release|Any CPU
		{AB55F9CC-4FB6-4E80-A18D-EC5A390DD2B8}.Release|Any CPU.Build.0 = Release|Any CPU
		{AB55F9CC-4FB6-4E80-A18D-EC5A390DD2B8}.Release|Mixed Platforms.ActiveCfg = Release|Any CPU
		{AB55F9CC-4FB6-4E80-A18D-EC5A390DD2B8}.Release|Mixed Platforms.Build.0 = Release|Any CPU
		{AB55F9CC-4FB6-4E80-A18D-EC5A390DD2B8}.Release|Win32.ActiveCfg = Release|Any CPU
		{AB55F9CC-4FB6-4E80-A18D-EC5A390DD2B8}.Release|Win32.Build.0 = Release|Any CPU
		{A4D51DDC-3DA7-4776-BBE6-11D3591D9035}.Debug|Any CPU.ActiveCfg = Debug|Any CPU
		{A4D51DDC-3DA7-4776-BBE6-11D3591D9035}.Debug|Any CPU.Build.0 = Debug|Any CPU
		{A4D51DDC-3DA7-4776-BBE6-11D3591D9035}.Debug|Mixed Platforms.ActiveCfg = Debug|Any CPU
		{A4D51DDC-3DA7-4776-BBE6-11D3591D9035}.Debug|Mixed Platforms.Build.0 = Debug|Any CPU
		{A4D51DDC-3DA7-4776-BBE6-11D3591D9035}.Debug|Win32.ActiveCfg = Debug|Any CPU
		{A4D51DDC-3DA7-4776-BBE6-11D3591D9035}.Debug|Win32.Build.0 = Debug|Any CPU
		{A4D51DDC-3DA7-4776-BBE6-11D3591D9035}.Release|Any CPU.ActiveCfg = Release|Any CPU
		{A4D51DDC-3DA7-4776-BBE6-11D3591D9035}.Release|Any CPU.Build.0 = Release|Any CPU
		{A4D51DDC-3DA7-4776-BBE6-11D3591D9035}.Release|Mixed Platforms.ActiveCfg = Release|Any CPU
		{A4D51DDC-3DA7-4776-BBE6-11D3591D9035}.Release|Mixed Platforms.Build.0 = Release|Any CPU
		{A4D51DDC-3DA7-4776-BBE6-11D3591D9035}.Release|Win32.ActiveCfg = Release|Any CPU
		{A4D51DDC-3DA7-4776-BBE6-11D3591D9035}.Release|Win32.Build.0 = Release|Any CPU
		{E23C6D8F-ACFF-4FC2-A1CB-1E98B9479B30}.Debug|Any CPU.ActiveCfg = Debug|Any CPU
		{E23C6D8F-ACFF-4FC2-A1CB-1E98B9479B30}.Debug|Any CPU.Build.0 = Debug|Any CPU
		{E23C6D8F-ACFF-4FC2-A1CB-1E98B9479B30}.Debug|Mixed Platforms.ActiveCfg = Debug|Any CPU
		{E23C6D8F-ACFF-4FC2-A1CB-1E98B9479B30}.Debug|Mixed Platforms.Build.0 = Debug|Any CPU
		{E23C6D8F-ACFF-4FC2-A1CB-1E98B9479B30}.Debug|Win32.ActiveCfg = Debug|Any CPU
		{E23C6D8F-ACFF-4FC2-A1CB-1E98B9479B30}.Debug|Win32.Build.0 = Debug|Any CPU
		{E23C6D8F-ACFF-4FC2-A1CB-1E98B9479B30}.Release|Any CPU.ActiveCfg = Release|Any CPU
		{E23C6D8F-ACFF-4FC2-A1CB-1E98B9479B30}.Release|Any CPU.Build.0 = Release|Any CPU
		{E23C6D8F-ACFF-4FC2-A1CB-1E98B9479B30}.Release|Mixed Platforms.ActiveCfg = Release|Any CPU
		{E23C6D8F-ACFF-4FC2-A1CB-1E98B9479B30}.Release|Mixed Platforms.Build.0 = Release|Any CPU
		{E23C6D8F-ACFF-4FC2-A1CB-1E98B9479B30}.Release|Win32.ActiveCfg = Release|Any CPU
		{E23C6D8F-ACFF-4FC2-A1CB-1E98B9479B30}.Release|Win32.Build.0 = Release|Any CPU
		{03D6B7A7-5C7B-4F70-BB98-7933A428174F}.Debug|Any CPU.ActiveCfg = Debug|Any CPU
		{03D6B7A7-5C7B-4F70-BB98-7933A428174F}.Debug|Any CPU.Build.0 = Debug|Any CPU
		{03D6B7A7-5C7B-4F70-BB98-7933A428174F}.Debug|Mixed Platforms.ActiveCfg = Debug|Any CPU
		{03D6B7A7-5C7B-4F70-BB98-7933A428174F}.Debug|Mixed Platforms.Build.0 = Debug|Any CPU
		{03D6B7A7-5C7B-4F70-BB98-7933A428174F}.Debug|Win32.ActiveCfg = Debug|Any CPU
		{03D6B7A7-5C7B-4F70-BB98-7933A428174F}.Debug|Win32.Build.0 = Debug|Any CPU
		{03D6B7A7-5C7B-4F70-BB98-7933A428174F}.Release|Any CPU.ActiveCfg = Release|Any CPU
		{03D6B7A7-5C7B-4F70-BB98-7933A428174F}.Release|Any CPU.Build.0 = Release|Any CPU
		{03D6B7A7-5C7B-4F70-BB98-7933A428174F}.Release|Mixed Platforms.ActiveCfg = Release|Any CPU
		{03D6B7A7-5C7B-4F70-BB98-7933A428174F}.Release|Mixed Platforms.Build.0 = Release|Any CPU
		{03D6B7A7-5C7B-4F70-BB98-7933A428174F}.Release|Win32.ActiveCfg = Release|Any CPU
		{03D6B7A7-5C7B-4F70-BB98-7933A428174F}.Release|Win32.Build.0 = Release|Any CPU
		{FD50BF29-53FB-4776-AADA-C47C9B2C3A15}.Debug|Any CPU.ActiveCfg = Debug|Any CPU
		{FD50BF29-53FB-4776-AADA-C47C9B2C3A15}.Debug|Any CPU.Build.0 = Debug|Any CPU
		{FD50BF29-53FB-4776-AADA-C47C9B2C3A15}.Debug|Mixed Platforms.ActiveCfg = Debug|Any CPU
		{FD50BF29-53FB-4776-AADA-C47C9B2C3A15}.Debug|Mixed Platforms.Build.0 = Debug|Any CPU
		{FD50BF29-53FB-4776-AADA-C47C9B2C3A15}.Debug|Win32.ActiveCfg = Debug|Any CPU
		{FD50BF29-53FB-4776-AADA-C47C9B2C3A15}.Debug|Win32.Build.0 = Debug|Any CPU
		{FD50BF29-53FB-4776-AADA-C47C9B2C3A15}.Release|Any CPU.ActiveCfg = Release|Any CPU
		{FD50BF29-53FB-4776-AADA-C47C9B2C3A15}.Release|Any CPU.Build.0 = Release|Any CPU
		{FD50BF29-53FB-4776-AADA-C47C9B2C3A15}.Release|Mixed Platforms.ActiveCfg = Release|Any CPU
		{FD50BF29-53FB-4776-AADA-C47C9B2C3A15}.Release|Mixed Platforms.Build.0 = Release|Any CPU
		{FD50BF29-53FB-4776-AADA-C47C9B2C3A15}.Release|Win32.ActiveCfg = Release|Any CPU
		{FD50BF29-53FB-4776-AADA-C47C9B2C3A15}.Release|Win32.Build.0 = Release|Any CPU
		{9D954986-6BE0-48CA-91F1-BA1A8FD03218}.Debug|Any CPU.ActiveCfg = Debug|Any CPU
		{9D954986-6BE0-48CA-91F1-BA1A8FD03218}.Debug|Any CPU.Build.0 = Debug|Any CPU
		{9D954986-6BE0-48CA-91F1-BA1A8FD03218}.Debug|Mixed Platforms.ActiveCfg = Debug|Any CPU
		{9D954986-6BE0-48CA-91F1-BA1A8FD03218}.Debug|Mixed Platforms.Build.0 = Debug|Any CPU
		{9D954986-6BE0-48CA-91F1-BA1A8FD03218}.Debug|Win32.ActiveCfg = Debug|Any CPU
		{9D954986-6BE0-48CA-91F1-BA1A8FD03218}.Debug|Win32.Build.0 = Debug|Any CPU
		{9D954986-6BE0-48CA-91F1-BA1A8FD03218}.Release|Any CPU.ActiveCfg = Release|Any CPU
		{9D954986-6BE0-48CA-91F1-BA1A8FD03218}.Release|Any CPU.Build.0 = Release|Any CPU
		{9D954986-6BE0-48CA-91F1-BA1A8FD03218}.Release|Mixed Platforms.ActiveCfg = Release|Any CPU
		{9D954986-6BE0-48CA-91F1-BA1A8FD03218}.Release|Mixed Platforms.Build.0 = Release|Any CPU
		{9D954986-6BE0-48CA-91F1-BA1A8FD03218}.Release|Win32.ActiveCfg = Release|Any CPU
		{9D954986-6BE0-48CA-91F1-BA1A8FD03218}.Release|Win32.Build.0 = Release|Any CPU
		{C89D925C-7BB2-4F53-9A0C-DAE268369E9D}.Debug|Any CPU.ActiveCfg = Debug|Any CPU
		{C89D925C-7BB2-4F53-9A0C-DAE268369E9D}.Debug|Any CPU.Build.0 = Debug|Any CPU
		{C89D925C-7BB2-4F53-9A0C-DAE268369E9D}.Debug|Mixed Platforms.ActiveCfg = Debug|Any CPU
		{C89D925C-7BB2-4F53-9A0C-DAE268369E9D}.Debug|Mixed Platforms.Build.0 = Debug|Any CPU
		{C89D925C-7BB2-4F53-9A0C-DAE268369E9D}.Debug|Win32.ActiveCfg = Debug|Any CPU
		{C89D925C-7BB2-4F53-9A0C-DAE268369E9D}.Debug|Win32.Build.0 = Debug|Any CPU
		{C89D925C-7BB2-4F53-9A0C-DAE268369E9D}.Release|Any CPU.ActiveCfg = Release|Any CPU
		{C89D925C-7BB2-4F53-9A0C-DAE268369E9D}.Release|Any CPU.Build.0 = Release|Any CPU
		{C89D925C-7BB2-4F53-9A0C-DAE268369E9D}.Release|Mixed Platforms.ActiveCfg = Release|Any CPU
		{C89D925C-7BB2-4F53-9A0C-DAE268369E9D}.Release|Mixed Platforms.Build.0 = Release|Any CPU
		{C89D925C-7BB2-4F53-9A0C-DAE268369E9D}.Release|Win32.ActiveCfg = Release|Any CPU
		{C89D925C-7BB2-4F53-9A0C-DAE268369E9D}.Release|Win32.Build.0 = Release|Any CPU
		{719B28C1-9B4C-4DAB-A7CD-0169724949FA}.Debug|Any CPU.ActiveCfg = Debug|Any CPU
		{719B28C1-9B4C-4DAB-A7CD-0169724949FA}.Debug|Any CPU.Build.0 = Debug|Any CPU
		{719B28C1-9B4C-4DAB-A7CD-0169724949FA}.Debug|Mixed Platforms.ActiveCfg = Debug|Any CPU
		{719B28C1-9B4C-4DAB-A7CD-0169724949FA}.Debug|Mixed Platforms.Build.0 = Debug|Any CPU
		{719B28C1-9B4C-4DAB-A7CD-0169724949FA}.Debug|Win32.ActiveCfg = Debug|Any CPU
		{719B28C1-9B4C-4DAB-A7CD-0169724949FA}.Debug|Win32.Build.0 = Debug|Any CPU
		{719B28C1-9B4C-4DAB-A7CD-0169724949FA}.Release|Any CPU.ActiveCfg = Release|Any CPU
		{719B28C1-9B4C-4DAB-A7CD-0169724949FA}.Release|Any CPU.Build.0 = Release|Any CPU
		{719B28C1-9B4C-4DAB-A7CD-0169724949FA}.Release|Mixed Platforms.ActiveCfg = Release|Any CPU
		{719B28C1-9B4C-4DAB-A7CD-0169724949FA}.Release|Mixed Platforms.Build.0 = Release|Any CPU
		{719B28C1-9B4C-4DAB-A7CD-0169724949FA}.Release|Win32.ActiveCfg = Release|Any CPU
		{719B28C1-9B4C-4DAB-A7CD-0169724949FA}.Release|Win32.Build.0 = Release|Any CPU
		{6AAAADFC-AC1C-4EB9-9BB6-11D8BE6FFD69}.Debug|Any CPU.ActiveCfg = Debug|Any CPU
		{6AAAADFC-AC1C-4EB9-9BB6-11D8BE6FFD69}.Debug|Any CPU.Build.0 = Debug|Any CPU
		{6AAAADFC-AC1C-4EB9-9BB6-11D8BE6FFD69}.Debug|Mixed Platforms.ActiveCfg = Debug|Any CPU
		{6AAAADFC-AC1C-4EB9-9BB6-11D8BE6FFD69}.Debug|Mixed Platforms.Build.0 = Debug|Any CPU
		{6AAAADFC-AC1C-4EB9-9BB6-11D8BE6FFD69}.Debug|Win32.ActiveCfg = Debug|Any CPU
		{6AAAADFC-AC1C-4EB9-9BB6-11D8BE6FFD69}.Debug|Win32.Build.0 = Debug|Any CPU
		{6AAAADFC-AC1C-4EB9-9BB6-11D8BE6FFD69}.Release|Any CPU.ActiveCfg = Release|Any CPU
		{6AAAADFC-AC1C-4EB9-9BB6-11D8BE6FFD69}.Release|Any CPU.Build.0 = Release|Any CPU
		{6AAAADFC-AC1C-4EB9-9BB6-11D8BE6FFD69}.Release|Mixed Platforms.ActiveCfg = Release|Any CPU
		{6AAAADFC-AC1C-4EB9-9BB6-11D8BE6FFD69}.Release|Mixed Platforms.Build.0 = Release|Any CPU
		{6AAAADFC-AC1C-4EB9-9BB6-11D8BE6FFD69}.Release|Win32.ActiveCfg = Release|Any CPU
		{6AAAADFC-AC1C-4EB9-9BB6-11D8BE6FFD69}.Release|Win32.Build.0 = Release|Any CPU
		{0E238DA8-D393-4502-A90B-E4E3BF744F12}.Debug|Any CPU.ActiveCfg = Debug|Any CPU
		{0E238DA8-D393-4502-A90B-E4E3BF744F12}.Debug|Any CPU.Build.0 = Debug|Any CPU
		{0E238DA8-D393-4502-A90B-E4E3BF744F12}.Debug|Mixed Platforms.ActiveCfg = Debug|Any CPU
		{0E238DA8-D393-4502-A90B-E4E3BF744F12}.Debug|Mixed Platforms.Build.0 = Debug|Any CPU
		{0E238DA8-D393-4502-A90B-E4E3BF744F12}.Debug|Win32.ActiveCfg = Debug|Any CPU
		{0E238DA8-D393-4502-A90B-E4E3BF744F12}.Debug|Win32.Build.0 = Debug|Any CPU
		{0E238DA8-D393-4502-A90B-E4E3BF744F12}.Release|Any CPU.ActiveCfg = Release|Any CPU
		{0E238DA8-D393-4502-A90B-E4E3BF744F12}.Release|Any CPU.Build.0 = Release|Any CPU
		{0E238DA8-D393-4502-A90B-E4E3BF744F12}.Release|Mixed Platforms.ActiveCfg = Release|Any CPU
		{0E238DA8-D393-4502-A90B-E4E3BF744F12}.Release|Mixed Platforms.Build.0 = Release|Any CPU
		{0E238DA8-D393-4502-A90B-E4E3BF744F12}.Release|Win32.ActiveCfg = Release|Any CPU
		{0E238DA8-D393-4502-A90B-E4E3BF744F12}.Release|Win32.Build.0 = Release|Any CPU
		{E6BFFA45-E5F3-48D1-A5A8-953A37B6E7E7}.Debug|Any CPU.ActiveCfg = Debug|Any CPU
		{E6BFFA45-E5F3-48D1-A5A8-953A37B6E7E7}.Debug|Any CPU.Build.0 = Debug|Any CPU
		{E6BFFA45-E5F3-48D1-A5A8-953A37B6E7E7}.Debug|Mixed Platforms.ActiveCfg = Debug|Any CPU
		{E6BFFA45-E5F3-48D1-A5A8-953A37B6E7E7}.Debug|Mixed Platforms.Build.0 = Debug|Any CPU
		{E6BFFA45-E5F3-48D1-A5A8-953A37B6E7E7}.Debug|Win32.ActiveCfg = Debug|Any CPU
		{E6BFFA45-E5F3-48D1-A5A8-953A37B6E7E7}.Debug|Win32.Build.0 = Debug|Any CPU
		{E6BFFA45-E5F3-48D1-A5A8-953A37B6E7E7}.Release|Any CPU.ActiveCfg = Release|Any CPU
		{E6BFFA45-E5F3-48D1-A5A8-953A37B6E7E7}.Release|Any CPU.Build.0 = Release|Any CPU
		{E6BFFA45-E5F3-48D1-A5A8-953A37B6E7E7}.Release|Mixed Platforms.ActiveCfg = Release|Any CPU
		{E6BFFA45-E5F3-48D1-A5A8-953A37B6E7E7}.Release|Mixed Platforms.Build.0 = Release|Any CPU
		{E6BFFA45-E5F3-48D1-A5A8-953A37B6E7E7}.Release|Win32.ActiveCfg = Release|Any CPU
		{E6BFFA45-E5F3-48D1-A5A8-953A37B6E7E7}.Release|Win32.Build.0 = Release|Any CPU
	EndGlobalSection
	GlobalSection(SolutionProperties) = preSolution
		HideSolutionNode = FALSE
	EndGlobalSection
	GlobalSection(NestedProjects) = preSolution
		{ACB44254-D3B3-42F4-826E-63A377AEC494} = {BB82934D-28DD-407E-984D-39767D8455B8}
		{181DDD13-5842-4AEF-B89F-B2F4F4861346} = {FD53D91B-89C8-4E78-8870-38429ACB27E3}
		{D6766080-123A-44CA-9F31-2638B9403286} = {FD53D91B-89C8-4E78-8870-38429ACB27E3}
		{D320C7AB-2F99-486A-B990-47A526CB9F2E} = {9C9A93BC-FC73-4C77-B0D3-62B3B7F2B8AF}
		{898782DA-6E44-4BC0-8402-347A5672E4F5} = {9C9A93BC-FC73-4C77-B0D3-62B3B7F2B8AF}
		{D3E49CDA-4C5F-4D76-8F44-3C9F84E15270} = {6AC71520-9D21-4146-972E-D9FA4DDD9019}
		{CCAD16FB-995C-4BAE-AD25-19431013F78E} = {6AC71520-9D21-4146-972E-D9FA4DDD9019}
		{EF7C6B2D-775F-4638-A010-E2A1402858A7} = {6AC71520-9D21-4146-972E-D9FA4DDD9019}
		{3D0EADBF-4F81-4324-8BD7-A073CC638F72} = {6AC71520-9D21-4146-972E-D9FA4DDD9019}
		{AB55F9CC-4FB6-4E80-A18D-EC5A390DD2B8} = {181DDD13-5842-4AEF-B89F-B2F4F4861346}
		{A4D51DDC-3DA7-4776-BBE6-11D3591D9035} = {D6766080-123A-44CA-9F31-2638B9403286}
		{E23C6D8F-ACFF-4FC2-A1CB-1E98B9479B30} = {BB82934D-28DD-407E-984D-39767D8455B8}
		{03D6B7A7-5C7B-4F70-BB98-7933A428174F} = {FE738935-FFAA-4B40-A051-A6F9B8D58964}
		{FD50BF29-53FB-4776-AADA-C47C9B2C3A15} = {FE738935-FFAA-4B40-A051-A6F9B8D58964}
		{9D954986-6BE0-48CA-91F1-BA1A8FD03218} = {FE738935-FFAA-4B40-A051-A6F9B8D58964}
		{C89D925C-7BB2-4F53-9A0C-DAE268369E9D} = {ACB44254-D3B3-42F4-826E-63A377AEC494}
		{719B28C1-9B4C-4DAB-A7CD-0169724949FA} = {D6766080-123A-44CA-9F31-2638B9403286}
		{6AAAADFC-AC1C-4EB9-9BB6-11D8BE6FFD69} = {181DDD13-5842-4AEF-B89F-B2F4F4861346}
		{0E238DA8-D393-4502-A90B-E4E3BF744F12} = {9C9A93BC-FC73-4C77-B0D3-62B3B7F2B8AF}
		{18237F85-6880-4154-B167-026735966844} = {ACB44254-D3B3-42F4-826E-63A377AEC494}
		{E6BFFA45-E5F3-48D1-A5A8-953A37B6E7E7} = {18237F85-6880-4154-B167-026735966844}
	EndGlobalSection
	GlobalSection(ExtensibilityGlobals) = postSolution
		SolutionGuid = {1E1C4CD8-26A7-4A10-804E-67B76E8DBCF8}
	EndGlobalSection
	GlobalSection(TestCaseManagementSettings) = postSolution
		CategoryFile = Budgetterarn.vsmdi
	EndGlobalSection
EndGlobal
