
Microsoft Visual Studio Solution File, Format Version 12.00
# Visual Studio 2013
VisualStudioVersion = 12.0.30723.0
MinimumVisualStudioVersion = 10.0.40219.1
Project("{FAE04EC0-301F-11D3-BF4B-00C04F79EFBC}") = "Budgetterarn", "Budgetterarn\Budgetterarn.csproj", "{CAC91AEB-8F3D-4793-9A6F-4C761688A2DB}"
EndProject
Project("{2150E333-8FDC-42A3-9474-1A3956D46DE8}") = "Solution Items", "Solution Items", "{761FC116-2A5A-4627-9A13-2A9806C856AD}"
	ProjectSection(SolutionItems) = preProject
		Budgetterarn.vsmdi = Budgetterarn.vsmdi
		Local.testsettings = Local.testsettings
		TraceAndTestImpact.testsettings = TraceAndTestImpact.testsettings
	EndProjectSection
EndProject
Project("{FAE04EC0-301F-11D3-BF4B-00C04F79EFBC}") = "TestBudgetterarn", "TestProject3\TestBudgetterarn.csproj", "{9A7151F0-897B-470E-9AC2-2CEEE674AD2F}"
EndProject
Project("{FAE04EC0-301F-11D3-BF4B-00C04F79EFBC}") = "Utilities", "Utilities\Utilities.csproj", "{E6BFFA45-E5F3-48D1-A5A8-953A37B6E7E7}"
EndProject
Project("{FAE04EC0-301F-11D3-BF4B-00C04F79EFBC}") = "UtilitiesTest", "UtilitiesTest\UtilitiesTest.csproj", "{106DAE0E-0FBB-45C4-B4E1-C2C9FFD58DE0}"
EndProject
Project("{FAE04EC0-301F-11D3-BF4B-00C04F79EFBC}") = "Budgeter.Core", "Budgeter.Core\Budgeter.Core.csproj", "{BD8D683F-F43D-434D-B6AB-A900F458C0CC}"
EndProject
Project("{FAE04EC0-301F-11D3-BF4B-00C04F79EFBC}") = "RefLesses", "RefLesses\RefLesses.csproj", "{7E82EB3E-C8C6-4084-ADC8-47E8E24484F1}"
EndProject
Project("{FAE04EC0-301F-11D3-BF4B-00C04F79EFBC}") = "PdfToText", "PdfToText\PdfToText.csproj", "{563F5F70-3855-4EE3-B100-78D6D937F0CB}"
EndProject
Global
	GlobalSection(SolutionConfigurationPlatforms) = preSolution
		Debug|Any CPU = Debug|Any CPU
		Debug|Mixed Platforms = Debug|Mixed Platforms
		Debug|Win32 = Debug|Win32
		Release|Any CPU = Release|Any CPU
		Release|Mixed Platforms = Release|Mixed Platforms
		Release|Win32 = Release|Win32
	EndGlobalSection
	GlobalSection(ProjectConfigurationPlatforms) = postSolution
		{CAC91AEB-8F3D-4793-9A6F-4C761688A2DB}.Debug|Any CPU.ActiveCfg = Debug|Any CPU
		{CAC91AEB-8F3D-4793-9A6F-4C761688A2DB}.Debug|Any CPU.Build.0 = Debug|Any CPU
		{CAC91AEB-8F3D-4793-9A6F-4C761688A2DB}.Debug|Mixed Platforms.ActiveCfg = Debug|Any CPU
		{CAC91AEB-8F3D-4793-9A6F-4C761688A2DB}.Debug|Mixed Platforms.Build.0 = Debug|Any CPU
		{CAC91AEB-8F3D-4793-9A6F-4C761688A2DB}.Debug|Win32.ActiveCfg = Debug|Any CPU
		{CAC91AEB-8F3D-4793-9A6F-4C761688A2DB}.Debug|Win32.Build.0 = Debug|Any CPU
		{CAC91AEB-8F3D-4793-9A6F-4C761688A2DB}.Release|Any CPU.ActiveCfg = Release|Any CPU
		{CAC91AEB-8F3D-4793-9A6F-4C761688A2DB}.Release|Any CPU.Build.0 = Release|Any CPU
		{CAC91AEB-8F3D-4793-9A6F-4C761688A2DB}.Release|Mixed Platforms.ActiveCfg = Release|Any CPU
		{CAC91AEB-8F3D-4793-9A6F-4C761688A2DB}.Release|Mixed Platforms.Build.0 = Release|Any CPU
		{CAC91AEB-8F3D-4793-9A6F-4C761688A2DB}.Release|Win32.ActiveCfg = Release|Any CPU
		{CAC91AEB-8F3D-4793-9A6F-4C761688A2DB}.Release|Win32.Build.0 = Release|Any CPU
		{9A7151F0-897B-470E-9AC2-2CEEE674AD2F}.Debug|Any CPU.ActiveCfg = Debug|Any CPU
		{9A7151F0-897B-470E-9AC2-2CEEE674AD2F}.Debug|Any CPU.Build.0 = Debug|Any CPU
		{9A7151F0-897B-470E-9AC2-2CEEE674AD2F}.Debug|Mixed Platforms.ActiveCfg = Debug|Any CPU
		{9A7151F0-897B-470E-9AC2-2CEEE674AD2F}.Debug|Mixed Platforms.Build.0 = Debug|Any CPU
		{9A7151F0-897B-470E-9AC2-2CEEE674AD2F}.Debug|Win32.ActiveCfg = Debug|Any CPU
		{9A7151F0-897B-470E-9AC2-2CEEE674AD2F}.Debug|Win32.Build.0 = Debug|Any CPU
		{9A7151F0-897B-470E-9AC2-2CEEE674AD2F}.Release|Any CPU.ActiveCfg = Release|Any CPU
		{9A7151F0-897B-470E-9AC2-2CEEE674AD2F}.Release|Any CPU.Build.0 = Release|Any CPU
		{9A7151F0-897B-470E-9AC2-2CEEE674AD2F}.Release|Mixed Platforms.ActiveCfg = Release|Any CPU
		{9A7151F0-897B-470E-9AC2-2CEEE674AD2F}.Release|Mixed Platforms.Build.0 = Release|Any CPU
		{9A7151F0-897B-470E-9AC2-2CEEE674AD2F}.Release|Win32.ActiveCfg = Release|Any CPU
		{9A7151F0-897B-470E-9AC2-2CEEE674AD2F}.Release|Win32.Build.0 = Release|Any CPU
		{E6BFFA45-E5F3-48D1-A5A8-953A37B6E7E7}.Debug|Any CPU.ActiveCfg = Debug|Any CPU
		{E6BFFA45-E5F3-48D1-A5A8-953A37B6E7E7}.Debug|Any CPU.Build.0 = Debug|Any CPU
		{E6BFFA45-E5F3-48D1-A5A8-953A37B6E7E7}.Debug|Mixed Platforms.ActiveCfg = Debug|Any CPU
		{E6BFFA45-E5F3-48D1-A5A8-953A37B6E7E7}.Debug|Mixed Platforms.Build.0 = Debug|Any CPU
		{E6BFFA45-E5F3-48D1-A5A8-953A37B6E7E7}.Debug|Win32.ActiveCfg = Debug|Any CPU
		{E6BFFA45-E5F3-48D1-A5A8-953A37B6E7E7}.Debug|Win32.Build.0 = Debug|Any CPU
		{E6BFFA45-E5F3-48D1-A5A8-953A37B6E7E7}.Release|Any CPU.ActiveCfg = Release|Any CPU
		{E6BFFA45-E5F3-48D1-A5A8-953A37B6E7E7}.Release|Any CPU.Build.0 = Release|Any CPU
		{E6BFFA45-E5F3-48D1-A5A8-953A37B6E7E7}.Release|Mixed Platforms.ActiveCfg = Release|Any CPU
		{E6BFFA45-E5F3-48D1-A5A8-953A37B6E7E7}.Release|Mixed Platforms.Build.0 = Release|Any CPU
		{E6BFFA45-E5F3-48D1-A5A8-953A37B6E7E7}.Release|Win32.ActiveCfg = Release|Any CPU
		{E6BFFA45-E5F3-48D1-A5A8-953A37B6E7E7}.Release|Win32.Build.0 = Release|Any CPU
		{106DAE0E-0FBB-45C4-B4E1-C2C9FFD58DE0}.Debug|Any CPU.ActiveCfg = Debug|Any CPU
		{106DAE0E-0FBB-45C4-B4E1-C2C9FFD58DE0}.Debug|Any CPU.Build.0 = Debug|Any CPU
		{106DAE0E-0FBB-45C4-B4E1-C2C9FFD58DE0}.Debug|Mixed Platforms.ActiveCfg = Debug|Any CPU
		{106DAE0E-0FBB-45C4-B4E1-C2C9FFD58DE0}.Debug|Mixed Platforms.Build.0 = Debug|Any CPU
		{106DAE0E-0FBB-45C4-B4E1-C2C9FFD58DE0}.Debug|Win32.ActiveCfg = Debug|Any CPU
		{106DAE0E-0FBB-45C4-B4E1-C2C9FFD58DE0}.Debug|Win32.Build.0 = Debug|Any CPU
		{106DAE0E-0FBB-45C4-B4E1-C2C9FFD58DE0}.Release|Any CPU.ActiveCfg = Release|Any CPU
		{106DAE0E-0FBB-45C4-B4E1-C2C9FFD58DE0}.Release|Any CPU.Build.0 = Release|Any CPU
		{106DAE0E-0FBB-45C4-B4E1-C2C9FFD58DE0}.Release|Mixed Platforms.ActiveCfg = Release|Any CPU
		{106DAE0E-0FBB-45C4-B4E1-C2C9FFD58DE0}.Release|Mixed Platforms.Build.0 = Release|Any CPU
		{106DAE0E-0FBB-45C4-B4E1-C2C9FFD58DE0}.Release|Win32.ActiveCfg = Release|Any CPU
		{106DAE0E-0FBB-45C4-B4E1-C2C9FFD58DE0}.Release|Win32.Build.0 = Release|Any CPU
		{BD8D683F-F43D-434D-B6AB-A900F458C0CC}.Debug|Any CPU.ActiveCfg = Debug|Any CPU
		{BD8D683F-F43D-434D-B6AB-A900F458C0CC}.Debug|Any CPU.Build.0 = Debug|Any CPU
		{BD8D683F-F43D-434D-B6AB-A900F458C0CC}.Debug|Mixed Platforms.ActiveCfg = Debug|Any CPU
		{BD8D683F-F43D-434D-B6AB-A900F458C0CC}.Debug|Mixed Platforms.Build.0 = Debug|Any CPU
		{BD8D683F-F43D-434D-B6AB-A900F458C0CC}.Debug|Win32.ActiveCfg = Debug|Any CPU
		{BD8D683F-F43D-434D-B6AB-A900F458C0CC}.Debug|Win32.Build.0 = Debug|Any CPU
		{BD8D683F-F43D-434D-B6AB-A900F458C0CC}.Release|Any CPU.ActiveCfg = Release|Any CPU
		{BD8D683F-F43D-434D-B6AB-A900F458C0CC}.Release|Any CPU.Build.0 = Release|Any CPU
		{BD8D683F-F43D-434D-B6AB-A900F458C0CC}.Release|Mixed Platforms.ActiveCfg = Release|Any CPU
		{BD8D683F-F43D-434D-B6AB-A900F458C0CC}.Release|Mixed Platforms.Build.0 = Release|Any CPU
		{BD8D683F-F43D-434D-B6AB-A900F458C0CC}.Release|Win32.ActiveCfg = Release|Any CPU
		{7E82EB3E-C8C6-4084-ADC8-47E8E24484F1}.Debug|Any CPU.ActiveCfg = Debug|Any CPU
		{7E82EB3E-C8C6-4084-ADC8-47E8E24484F1}.Debug|Any CPU.Build.0 = Debug|Any CPU
		{7E82EB3E-C8C6-4084-ADC8-47E8E24484F1}.Debug|Mixed Platforms.ActiveCfg = Debug|Any CPU
		{7E82EB3E-C8C6-4084-ADC8-47E8E24484F1}.Debug|Mixed Platforms.Build.0 = Debug|Any CPU
		{7E82EB3E-C8C6-4084-ADC8-47E8E24484F1}.Debug|Win32.ActiveCfg = Debug|Any CPU
		{7E82EB3E-C8C6-4084-ADC8-47E8E24484F1}.Debug|Win32.Build.0 = Debug|Any CPU
		{7E82EB3E-C8C6-4084-ADC8-47E8E24484F1}.Release|Any CPU.ActiveCfg = Release|Any CPU
		{7E82EB3E-C8C6-4084-ADC8-47E8E24484F1}.Release|Any CPU.Build.0 = Release|Any CPU
		{7E82EB3E-C8C6-4084-ADC8-47E8E24484F1}.Release|Mixed Platforms.ActiveCfg = Release|Any CPU
		{7E82EB3E-C8C6-4084-ADC8-47E8E24484F1}.Release|Mixed Platforms.Build.0 = Release|Any CPU
		{7E82EB3E-C8C6-4084-ADC8-47E8E24484F1}.Release|Win32.ActiveCfg = Release|Any CPU
		{563F5F70-3855-4EE3-B100-78D6D937F0CB}.Debug|Any CPU.ActiveCfg = Debug|Any CPU
		{563F5F70-3855-4EE3-B100-78D6D937F0CB}.Debug|Any CPU.Build.0 = Debug|Any CPU
		{563F5F70-3855-4EE3-B100-78D6D937F0CB}.Debug|Mixed Platforms.ActiveCfg = Debug|Any CPU
		{563F5F70-3855-4EE3-B100-78D6D937F0CB}.Debug|Mixed Platforms.Build.0 = Debug|Any CPU
		{563F5F70-3855-4EE3-B100-78D6D937F0CB}.Debug|Win32.ActiveCfg = Debug|Any CPU
		{563F5F70-3855-4EE3-B100-78D6D937F0CB}.Release|Any CPU.ActiveCfg = Release|Any CPU
		{563F5F70-3855-4EE3-B100-78D6D937F0CB}.Release|Any CPU.Build.0 = Release|Any CPU
		{563F5F70-3855-4EE3-B100-78D6D937F0CB}.Release|Mixed Platforms.ActiveCfg = Release|Any CPU
		{563F5F70-3855-4EE3-B100-78D6D937F0CB}.Release|Mixed Platforms.Build.0 = Release|Any CPU
		{563F5F70-3855-4EE3-B100-78D6D937F0CB}.Release|Win32.ActiveCfg = Release|Any CPU
	EndGlobalSection
	GlobalSection(SolutionProperties) = preSolution
		HideSolutionNode = FALSE
	EndGlobalSection
	GlobalSection(TestCaseManagementSettings) = postSolution
		CategoryFile = Budgetterarn.vsmdi
	EndGlobalSection
EndGlobal
