
Microsoft Visual Studio Solution File, Format Version 12.00
# Visual Studio Version 17
VisualStudioVersion = 17.4.33213.308
MinimumVisualStudioVersion = 10.0.40219.1
Project("{FAE04EC0-301F-11D3-BF4B-00C04F79EFBC}") = "Budgetterarn", "Budgetterarn\Budgetterarn.csproj", "{CAC91AEB-8F3D-4793-9A6F-4C761688A2DB}"
EndProject
Project("{FAE04EC0-301F-11D3-BF4B-00C04F79EFBC}") = "TestBudgetterarn", "TestBudgetterarn\TestBudgetterarn.csproj", "{9A7151F0-897B-470E-9AC2-2CEEE674AD2F}"
EndProject
Project("{FAE04EC0-301F-11D3-BF4B-00C04F79EFBC}") = "Utilities", "Utilities\Utilities.csproj", "{E6BFFA45-E5F3-48D1-A5A8-953A37B6E7E7}"
EndProject
Project("{FAE04EC0-301F-11D3-BF4B-00C04F79EFBC}") = "UtilitiesTest", "UtilitiesTest\UtilitiesTest.csproj", "{106DAE0E-0FBB-45C4-B4E1-C2C9FFD58DE0}"
EndProject
Project("{FAE04EC0-301F-11D3-BF4B-00C04F79EFBC}") = "Budgeter.Core", "Budgeter.Core\Budgeter.Core.csproj", "{BD8D683F-F43D-434D-B6AB-A900F458C0CC}"
EndProject
Project("{FAE04EC0-301F-11D3-BF4B-00C04F79EFBC}") = "RefLesses", "RefLesses\RefLesses.csproj", "{7E82EB3E-C8C6-4084-ADC8-47E8E24484F1}"
EndProject
Project("{2150E333-8FDC-42A3-9474-1A3956D46DE8}") = "FormsBudgeter", "FormsBudgeter", "{FD53D91B-89C8-4E78-8870-38429ACB27E3}"
EndProject
Project("{FAE04EC0-301F-11D3-BF4B-00C04F79EFBC}") = "WebBankBudgeter.Service", "SwedbankSharp-master\WebBankBudgeter.Service\WebBankBudgeter.Service.csproj", "{3B8DF4A7-DC9F-4B3D-8759-290120A74218}"
EndProject
Project("{FAE04EC0-301F-11D3-BF4B-00C04F79EFBC}") = "WebBankBudgeter", "SwedbankSharp-master\WebBankBudgeter\WebBankBudgeter.csproj", "{B8CB21A0-8B03-4886-AAD5-C3CE983488B0}"
EndProject
Project("{2150E333-8FDC-42A3-9474-1A3956D46DE8}") = "Common", "Common", "{6AC71520-9D21-4146-972E-D9FA4DDD9019}"
EndProject
Project("{FAE04EC0-301F-11D3-BF4B-00C04F79EFBC}") = "LoadTransactionsFromFile", "LoadTransactionsFromFile\LoadTransactionsFromFile.csproj", "{618A6F79-4251-4969-857B-E806C0F45882}"
EndProject
Project("{FAE04EC0-301F-11D3-BF4B-00C04F79EFBC}") = "CategoryHandler", "CategoryHandler\CategoryHandler.csproj", "{C707980B-CDAC-4A23-BE4C-5E41856541B0}"
EndProject
Project("{2150E333-8FDC-42A3-9474-1A3956D46DE8}") = "Tests", "Tests", "{FE738935-FFAA-4B40-A051-A6F9B8D58964}"
EndProject
Project("{9A19103F-16F7-4668-BE54-9A1E7A4F7556}") = "FileTests", "FileTests\FileTests.csproj", "{FB7B9323-1BD7-4B36-9981-5EB88F3390EB}"
EndProject
Project("{2150E333-8FDC-42A3-9474-1A3956D46DE8}") = "Helpers", "Helpers", "{BB82934D-28DD-407E-984D-39767D8455B8}"
EndProject
Project("{2150E333-8FDC-42A3-9474-1A3956D46DE8}") = "Utilities", "Utilities", "{ACB44254-D3B3-42F4-826E-63A377AEC494}"
EndProject
Project("{2150E333-8FDC-42A3-9474-1A3956D46DE8}") = "InBudget", "InBudget", "{181DDD13-5842-4AEF-B89F-B2F4F4861346}"
EndProject
Project("{2150E333-8FDC-42A3-9474-1A3956D46DE8}") = "WebBankBudgeter-Service", "WebBankBudgeter-Service", "{D6766080-123A-44CA-9F31-2638B9403286}"
EndProject
Project("{FAE04EC0-301F-11D3-BF4B-00C04F79EFBC}") = "WebBankBudgeter.Service.TransactionTests", "WebBankBudgeter.Service.TransactionTests\WebBankBudgeter.Service.TransactionTests.csproj", "{ABC3FF60-A110-4263-8E43-52BEAE6E5478}"
EndProject
Project("{FAE04EC0-301F-11D3-BF4B-00C04F79EFBC}") = "InbudgetHandler", "InbudgetHandler\InbudgetHandler.csproj", "{159331A1-ECB8-4D6C-9A66-2B279F78E5A0}"
EndProject
Project("{FAE04EC0-301F-11D3-BF4B-00C04F79EFBC}") = "InbudgetHandlerTest", "InbudgetHandlerTest\InbudgetHandlerTest.csproj", "{DCB66177-CEA3-41B0-AE2E-09D92B3C1185}"
EndProject
Project("{FAE04EC0-301F-11D3-BF4B-00C04F79EFBC}") = "GeneralSettingsTests", "GeneralSettingsTests\GeneralSettingsTests.csproj", "{96713D7A-3761-4B89-80A2-6723B0DB63B4}"
EndProject
Project("{FAE04EC0-301F-11D3-BF4B-00C04F79EFBC}") = "GeneralSettingsHandler", "GeneralSettingsHandler\GeneralSettingsHandler.csproj", "{0CACB8D4-46BA-4429-86AA-E92134259494}"
EndProject
Project("{FAE04EC0-301F-11D3-BF4B-00C04F79EFBC}") = "SerializerXml", "SerializerXml\SerializerXml.csproj", "{36C07547-DF0F-49D5-8E36-93D05B348036}"
EndProject
Project("{2150E333-8FDC-42A3-9474-1A3956D46DE8}") = "UiV2", "UiV2", "{9C9A93BC-FC73-4C77-B0D3-62B3B7F2B8AF}"
EndProject
Project("{9A19103F-16F7-4668-BE54-9A1E7A4F7556}") = "WebBankBudgeterUi", "WebBankBudgeterUi\WebBankBudgeterUi.csproj", "{D320C7AB-2F99-486A-B990-47A526CB9F2E}"
EndProject
Project("{2150E333-8FDC-42A3-9474-1A3956D46DE8}") = "V2", "V2", "{3DBF51CF-4AB9-42A2-AD19-F0C4D34C33A8}"
EndProject
Project("{9A19103F-16F7-4668-BE54-9A1E7A4F7556}") = "InbudgetHandlerV2", "InbudgetHandlerV2\InbudgetHandlerV2.csproj", "{63CF2518-53E7-4640-8EBE-EA0AF1B634E3}"
EndProject
Project("{FAE04EC0-301F-11D3-BF4B-00C04F79EFBC}") = "BudgetterarnUi", "BudgetterarnUi\BudgetterarnUi.csproj", "{898782DA-6E44-4BC0-8402-347A5672E4F5}"
EndProject
Global
	GlobalSection(SolutionConfigurationPlatforms) = preSolution
		Debug|Any CPU = Debug|Any CPU
		Debug|Mixed Platforms = Debug|Mixed Platforms
		Debug|Win32 = Debug|Win32
		Release|Any CPU = Release|Any CPU
		Release|Mixed Platforms = Release|Mixed Platforms
		Release|Win32 = Release|Win32
	EndGlobalSection
	GlobalSection(ProjectConfigurationPlatforms) = postSolution
		{CAC91AEB-8F3D-4793-9A6F-4C761688A2DB}.Debug|Any CPU.ActiveCfg = Debug|Any CPU
		{CAC91AEB-8F3D-4793-9A6F-4C761688A2DB}.Debug|Any CPU.Build.0 = Debug|Any CPU
		{CAC91AEB-8F3D-4793-9A6F-4C761688A2DB}.Debug|Mixed Platforms.ActiveCfg = Debug|Any CPU
		{CAC91AEB-8F3D-4793-9A6F-4C761688A2DB}.Debug|Mixed Platforms.Build.0 = Debug|Any CPU
		{CAC91AEB-8F3D-4793-9A6F-4C761688A2DB}.Debug|Win32.ActiveCfg = Debug|Any CPU
		{CAC91AEB-8F3D-4793-9A6F-4C761688A2DB}.Debug|Win32.Build.0 = Debug|Any CPU
		{CAC91AEB-8F3D-4793-9A6F-4C761688A2DB}.Release|Any CPU.ActiveCfg = Release|Any CPU
		{CAC91AEB-8F3D-4793-9A6F-4C761688A2DB}.Release|Any CPU.Build.0 = Release|Any CPU
		{CAC91AEB-8F3D-4793-9A6F-4C761688A2DB}.Release|Mixed Platforms.ActiveCfg = Release|Any CPU
		{CAC91AEB-8F3D-4793-9A6F-4C761688A2DB}.Release|Mixed Platforms.Build.0 = Release|Any CPU
		{CAC91AEB-8F3D-4793-9A6F-4C761688A2DB}.Release|Win32.ActiveCfg = Release|Any CPU
		{CAC91AEB-8F3D-4793-9A6F-4C761688A2DB}.Release|Win32.Build.0 = Release|Any CPU
		{9A7151F0-897B-470E-9AC2-2CEEE674AD2F}.Debug|Any CPU.ActiveCfg = Debug|Any CPU
		{9A7151F0-897B-470E-9AC2-2CEEE674AD2F}.Debug|Any CPU.Build.0 = Debug|Any CPU
		{9A7151F0-897B-470E-9AC2-2CEEE674AD2F}.Debug|Mixed Platforms.ActiveCfg = Debug|Any CPU
		{9A7151F0-897B-470E-9AC2-2CEEE674AD2F}.Debug|Mixed Platforms.Build.0 = Debug|Any CPU
		{9A7151F0-897B-470E-9AC2-2CEEE674AD2F}.Debug|Win32.ActiveCfg = Debug|Any CPU
		{9A7151F0-897B-470E-9AC2-2CEEE674AD2F}.Debug|Win32.Build.0 = Debug|Any CPU
		{9A7151F0-897B-470E-9AC2-2CEEE674AD2F}.Release|Any CPU.ActiveCfg = Release|Any CPU
		{9A7151F0-897B-470E-9AC2-2CEEE674AD2F}.Release|Any CPU.Build.0 = Release|Any CPU
		{9A7151F0-897B-470E-9AC2-2CEEE674AD2F}.Release|Mixed Platforms.ActiveCfg = Release|Any CPU
		{9A7151F0-897B-470E-9AC2-2CEEE674AD2F}.Release|Mixed Platforms.Build.0 = Release|Any CPU
		{9A7151F0-897B-470E-9AC2-2CEEE674AD2F}.Release|Win32.ActiveCfg = Release|Any CPU
		{9A7151F0-897B-470E-9AC2-2CEEE674AD2F}.Release|Win32.Build.0 = Release|Any CPU
		{E6BFFA45-E5F3-48D1-A5A8-953A37B6E7E7}.Debug|Any CPU.ActiveCfg = Debug|Any CPU
		{E6BFFA45-E5F3-48D1-A5A8-953A37B6E7E7}.Debug|Any CPU.Build.0 = Debug|Any CPU
		{E6BFFA45-E5F3-48D1-A5A8-953A37B6E7E7}.Debug|Mixed Platforms.ActiveCfg = Debug|Any CPU
		{E6BFFA45-E5F3-48D1-A5A8-953A37B6E7E7}.Debug|Mixed Platforms.Build.0 = Debug|Any CPU
		{E6BFFA45-E5F3-48D1-A5A8-953A37B6E7E7}.Debug|Win32.ActiveCfg = Debug|Any CPU
		{E6BFFA45-E5F3-48D1-A5A8-953A37B6E7E7}.Debug|Win32.Build.0 = Debug|Any CPU
		{E6BFFA45-E5F3-48D1-A5A8-953A37B6E7E7}.Release|Any CPU.ActiveCfg = Release|Any CPU
		{E6BFFA45-E5F3-48D1-A5A8-953A37B6E7E7}.Release|Any CPU.Build.0 = Release|Any CPU
		{E6BFFA45-E5F3-48D1-A5A8-953A37B6E7E7}.Release|Mixed Platforms.ActiveCfg = Release|Any CPU
		{E6BFFA45-E5F3-48D1-A5A8-953A37B6E7E7}.Release|Mixed Platforms.Build.0 = Release|Any CPU
		{E6BFFA45-E5F3-48D1-A5A8-953A37B6E7E7}.Release|Win32.ActiveCfg = Release|Any CPU
		{E6BFFA45-E5F3-48D1-A5A8-953A37B6E7E7}.Release|Win32.Build.0 = Release|Any CPU
		{106DAE0E-0FBB-45C4-B4E1-C2C9FFD58DE0}.Debug|Any CPU.ActiveCfg = Debug|Any CPU
		{106DAE0E-0FBB-45C4-B4E1-C2C9FFD58DE0}.Debug|Any CPU.Build.0 = Debug|Any CPU
		{106DAE0E-0FBB-45C4-B4E1-C2C9FFD58DE0}.Debug|Mixed Platforms.ActiveCfg = Debug|Any CPU
		{106DAE0E-0FBB-45C4-B4E1-C2C9FFD58DE0}.Debug|Mixed Platforms.Build.0 = Debug|Any CPU
		{106DAE0E-0FBB-45C4-B4E1-C2C9FFD58DE0}.Debug|Win32.ActiveCfg = Debug|Any CPU
		{106DAE0E-0FBB-45C4-B4E1-C2C9FFD58DE0}.Debug|Win32.Build.0 = Debug|Any CPU
		{106DAE0E-0FBB-45C4-B4E1-C2C9FFD58DE0}.Release|Any CPU.ActiveCfg = Release|Any CPU
		{106DAE0E-0FBB-45C4-B4E1-C2C9FFD58DE0}.Release|Any CPU.Build.0 = Release|Any CPU
		{106DAE0E-0FBB-45C4-B4E1-C2C9FFD58DE0}.Release|Mixed Platforms.ActiveCfg = Release|Any CPU
		{106DAE0E-0FBB-45C4-B4E1-C2C9FFD58DE0}.Release|Mixed Platforms.Build.0 = Release|Any CPU
		{106DAE0E-0FBB-45C4-B4E1-C2C9FFD58DE0}.Release|Win32.ActiveCfg = Release|Any CPU
		{106DAE0E-0FBB-45C4-B4E1-C2C9FFD58DE0}.Release|Win32.Build.0 = Release|Any CPU
		{BD8D683F-F43D-434D-B6AB-A900F458C0CC}.Debug|Any CPU.ActiveCfg = Debug|Any CPU
		{BD8D683F-F43D-434D-B6AB-A900F458C0CC}.Debug|Any CPU.Build.0 = Debug|Any CPU
		{BD8D683F-F43D-434D-B6AB-A900F458C0CC}.Debug|Mixed Platforms.ActiveCfg = Debug|Any CPU
		{BD8D683F-F43D-434D-B6AB-A900F458C0CC}.Debug|Mixed Platforms.Build.0 = Debug|Any CPU
		{BD8D683F-F43D-434D-B6AB-A900F458C0CC}.Debug|Win32.ActiveCfg = Debug|Any CPU
		{BD8D683F-F43D-434D-B6AB-A900F458C0CC}.Debug|Win32.Build.0 = Debug|Any CPU
		{BD8D683F-F43D-434D-B6AB-A900F458C0CC}.Release|Any CPU.ActiveCfg = Release|Any CPU
		{BD8D683F-F43D-434D-B6AB-A900F458C0CC}.Release|Any CPU.Build.0 = Release|Any CPU
		{BD8D683F-F43D-434D-B6AB-A900F458C0CC}.Release|Mixed Platforms.ActiveCfg = Release|Any CPU
		{BD8D683F-F43D-434D-B6AB-A900F458C0CC}.Release|Mixed Platforms.Build.0 = Release|Any CPU
		{BD8D683F-F43D-434D-B6AB-A900F458C0CC}.Release|Win32.ActiveCfg = Release|Any CPU
		{7E82EB3E-C8C6-4084-ADC8-47E8E24484F1}.Debug|Any CPU.ActiveCfg = Debug|Any CPU
		{7E82EB3E-C8C6-4084-ADC8-47E8E24484F1}.Debug|Any CPU.Build.0 = Debug|Any CPU
		{7E82EB3E-C8C6-4084-ADC8-47E8E24484F1}.Debug|Mixed Platforms.ActiveCfg = Debug|Any CPU
		{7E82EB3E-C8C6-4084-ADC8-47E8E24484F1}.Debug|Mixed Platforms.Build.0 = Debug|Any CPU
		{7E82EB3E-C8C6-4084-ADC8-47E8E24484F1}.Debug|Win32.ActiveCfg = Debug|Any CPU
		{7E82EB3E-C8C6-4084-ADC8-47E8E24484F1}.Debug|Win32.Build.0 = Debug|Any CPU
		{7E82EB3E-C8C6-4084-ADC8-47E8E24484F1}.Release|Any CPU.ActiveCfg = Release|Any CPU
		{7E82EB3E-C8C6-4084-ADC8-47E8E24484F1}.Release|Any CPU.Build.0 = Release|Any CPU
		{7E82EB3E-C8C6-4084-ADC8-47E8E24484F1}.Release|Mixed Platforms.ActiveCfg = Release|Any CPU
		{7E82EB3E-C8C6-4084-ADC8-47E8E24484F1}.Release|Mixed Platforms.Build.0 = Release|Any CPU
		{7E82EB3E-C8C6-4084-ADC8-47E8E24484F1}.Release|Win32.ActiveCfg = Release|Any CPU
		{3B8DF4A7-DC9F-4B3D-8759-290120A74218}.Debug|Any CPU.ActiveCfg = Debug|Any CPU
		{3B8DF4A7-DC9F-4B3D-8759-290120A74218}.Debug|Any CPU.Build.0 = Debug|Any CPU
		{3B8DF4A7-DC9F-4B3D-8759-290120A74218}.Debug|Mixed Platforms.ActiveCfg = Debug|Any CPU
		{3B8DF4A7-DC9F-4B3D-8759-290120A74218}.Debug|Mixed Platforms.Build.0 = Debug|Any CPU
		{3B8DF4A7-DC9F-4B3D-8759-290120A74218}.Debug|Win32.ActiveCfg = Debug|Any CPU
		{3B8DF4A7-DC9F-4B3D-8759-290120A74218}.Debug|Win32.Build.0 = Debug|Any CPU
		{3B8DF4A7-DC9F-4B3D-8759-290120A74218}.Release|Any CPU.ActiveCfg = Release|Any CPU
		{3B8DF4A7-DC9F-4B3D-8759-290120A74218}.Release|Any CPU.Build.0 = Release|Any CPU
		{3B8DF4A7-DC9F-4B3D-8759-290120A74218}.Release|Mixed Platforms.ActiveCfg = Release|Any CPU
		{3B8DF4A7-DC9F-4B3D-8759-290120A74218}.Release|Mixed Platforms.Build.0 = Release|Any CPU
		{3B8DF4A7-DC9F-4B3D-8759-290120A74218}.Release|Win32.ActiveCfg = Release|Any CPU
		{3B8DF4A7-DC9F-4B3D-8759-290120A74218}.Release|Win32.Build.0 = Release|Any CPU
		{B8CB21A0-8B03-4886-AAD5-C3CE983488B0}.Debug|Any CPU.ActiveCfg = Debug|Any CPU
		{B8CB21A0-8B03-4886-AAD5-C3CE983488B0}.Debug|Any CPU.Build.0 = Debug|Any CPU
		{B8CB21A0-8B03-4886-AAD5-C3CE983488B0}.Debug|Mixed Platforms.ActiveCfg = Debug|Any CPU
		{B8CB21A0-8B03-4886-AAD5-C3CE983488B0}.Debug|Mixed Platforms.Build.0 = Debug|Any CPU
		{B8CB21A0-8B03-4886-AAD5-C3CE983488B0}.Debug|Win32.ActiveCfg = Debug|Any CPU
		{B8CB21A0-8B03-4886-AAD5-C3CE983488B0}.Debug|Win32.Build.0 = Debug|Any CPU
		{B8CB21A0-8B03-4886-AAD5-C3CE983488B0}.Release|Any CPU.ActiveCfg = Release|Any CPU
		{B8CB21A0-8B03-4886-AAD5-C3CE983488B0}.Release|Any CPU.Build.0 = Release|Any CPU
		{B8CB21A0-8B03-4886-AAD5-C3CE983488B0}.Release|Mixed Platforms.ActiveCfg = Release|Any CPU
		{B8CB21A0-8B03-4886-AAD5-C3CE983488B0}.Release|Mixed Platforms.Build.0 = Release|Any CPU
		{B8CB21A0-8B03-4886-AAD5-C3CE983488B0}.Release|Win32.ActiveCfg = Release|Any CPU
		{B8CB21A0-8B03-4886-AAD5-C3CE983488B0}.Release|Win32.Build.0 = Release|Any CPU
		{618A6F79-4251-4969-857B-E806C0F45882}.Debug|Any CPU.ActiveCfg = Debug|Any CPU
		{618A6F79-4251-4969-857B-E806C0F45882}.Debug|Any CPU.Build.0 = Debug|Any CPU
		{618A6F79-4251-4969-857B-E806C0F45882}.Debug|Mixed Platforms.ActiveCfg = Debug|Any CPU
		{618A6F79-4251-4969-857B-E806C0F45882}.Debug|Mixed Platforms.Build.0 = Debug|Any CPU
		{618A6F79-4251-4969-857B-E806C0F45882}.Debug|Win32.ActiveCfg = Debug|Any CPU
		{618A6F79-4251-4969-857B-E806C0F45882}.Debug|Win32.Build.0 = Debug|Any CPU
		{618A6F79-4251-4969-857B-E806C0F45882}.Release|Any CPU.ActiveCfg = Release|Any CPU
		{618A6F79-4251-4969-857B-E806C0F45882}.Release|Any CPU.Build.0 = Release|Any CPU
		{618A6F79-4251-4969-857B-E806C0F45882}.Release|Mixed Platforms.ActiveCfg = Release|Any CPU
		{618A6F79-4251-4969-857B-E806C0F45882}.Release|Mixed Platforms.Build.0 = Release|Any CPU
		{618A6F79-4251-4969-857B-E806C0F45882}.Release|Win32.ActiveCfg = Release|Any CPU
		{618A6F79-4251-4969-857B-E806C0F45882}.Release|Win32.Build.0 = Release|Any CPU
		{C707980B-CDAC-4A23-BE4C-5E41856541B0}.Debug|Any CPU.ActiveCfg = Debug|Any CPU
		{C707980B-CDAC-4A23-BE4C-5E41856541B0}.Debug|Any CPU.Build.0 = Debug|Any CPU
		{C707980B-CDAC-4A23-BE4C-5E41856541B0}.Debug|Mixed Platforms.ActiveCfg = Debug|Any CPU
		{C707980B-CDAC-4A23-BE4C-5E41856541B0}.Debug|Mixed Platforms.Build.0 = Debug|Any CPU
		{C707980B-CDAC-4A23-BE4C-5E41856541B0}.Debug|Win32.ActiveCfg = Debug|Any CPU
		{C707980B-CDAC-4A23-BE4C-5E41856541B0}.Debug|Win32.Build.0 = Debug|Any CPU
		{C707980B-CDAC-4A23-BE4C-5E41856541B0}.Release|Any CPU.ActiveCfg = Release|Any CPU
		{C707980B-CDAC-4A23-BE4C-5E41856541B0}.Release|Any CPU.Build.0 = Release|Any CPU
		{C707980B-CDAC-4A23-BE4C-5E41856541B0}.Release|Mixed Platforms.ActiveCfg = Release|Any CPU
		{C707980B-CDAC-4A23-BE4C-5E41856541B0}.Release|Mixed Platforms.Build.0 = Release|Any CPU
		{C707980B-CDAC-4A23-BE4C-5E41856541B0}.Release|Win32.ActiveCfg = Release|Any CPU
		{C707980B-CDAC-4A23-BE4C-5E41856541B0}.Release|Win32.Build.0 = Release|Any CPU
		{FB7B9323-1BD7-4B36-9981-5EB88F3390EB}.Debug|Any CPU.ActiveCfg = Debug|Any CPU
		{FB7B9323-1BD7-4B36-9981-5EB88F3390EB}.Debug|Any CPU.Build.0 = Debug|Any CPU
		{FB7B9323-1BD7-4B36-9981-5EB88F3390EB}.Debug|Mixed Platforms.ActiveCfg = Debug|Any CPU
		{FB7B9323-1BD7-4B36-9981-5EB88F3390EB}.Debug|Mixed Platforms.Build.0 = Debug|Any CPU
		{FB7B9323-1BD7-4B36-9981-5EB88F3390EB}.Debug|Win32.ActiveCfg = Debug|Any CPU
		{FB7B9323-1BD7-4B36-9981-5EB88F3390EB}.Debug|Win32.Build.0 = Debug|Any CPU
		{FB7B9323-1BD7-4B36-9981-5EB88F3390EB}.Release|Any CPU.ActiveCfg = Release|Any CPU
		{FB7B9323-1BD7-4B36-9981-5EB88F3390EB}.Release|Any CPU.Build.0 = Release|Any CPU
		{FB7B9323-1BD7-4B36-9981-5EB88F3390EB}.Release|Mixed Platforms.ActiveCfg = Release|Any CPU
		{FB7B9323-1BD7-4B36-9981-5EB88F3390EB}.Release|Mixed Platforms.Build.0 = Release|Any CPU
		{FB7B9323-1BD7-4B36-9981-5EB88F3390EB}.Release|Win32.ActiveCfg = Release|Any CPU
		{FB7B9323-1BD7-4B36-9981-5EB88F3390EB}.Release|Win32.Build.0 = Release|Any CPU
		{ABC3FF60-A110-4263-8E43-52BEAE6E5478}.Debug|Any CPU.ActiveCfg = Debug|Any CPU
		{ABC3FF60-A110-4263-8E43-52BEAE6E5478}.Debug|Any CPU.Build.0 = Debug|Any CPU
		{ABC3FF60-A110-4263-8E43-52BEAE6E5478}.Debug|Mixed Platforms.ActiveCfg = Debug|Any CPU
		{ABC3FF60-A110-4263-8E43-52BEAE6E5478}.Debug|Mixed Platforms.Build.0 = Debug|Any CPU
		{ABC3FF60-A110-4263-8E43-52BEAE6E5478}.Debug|Win32.ActiveCfg = Debug|Any CPU
		{ABC3FF60-A110-4263-8E43-52BEAE6E5478}.Debug|Win32.Build.0 = Debug|Any CPU
		{ABC3FF60-A110-4263-8E43-52BEAE6E5478}.Release|Any CPU.ActiveCfg = Release|Any CPU
		{ABC3FF60-A110-4263-8E43-52BEAE6E5478}.Release|Any CPU.Build.0 = Release|Any CPU
		{ABC3FF60-A110-4263-8E43-52BEAE6E5478}.Release|Mixed Platforms.ActiveCfg = Release|Any CPU
		{ABC3FF60-A110-4263-8E43-52BEAE6E5478}.Release|Mixed Platforms.Build.0 = Release|Any CPU
		{ABC3FF60-A110-4263-8E43-52BEAE6E5478}.Release|Win32.ActiveCfg = Release|Any CPU
		{ABC3FF60-A110-4263-8E43-52BEAE6E5478}.Release|Win32.Build.0 = Release|Any CPU
		{159331A1-ECB8-4D6C-9A66-2B279F78E5A0}.Debug|Any CPU.ActiveCfg = Debug|Any CPU
		{159331A1-ECB8-4D6C-9A66-2B279F78E5A0}.Debug|Any CPU.Build.0 = Debug|Any CPU
		{159331A1-ECB8-4D6C-9A66-2B279F78E5A0}.Debug|Mixed Platforms.ActiveCfg = Debug|Any CPU
		{159331A1-ECB8-4D6C-9A66-2B279F78E5A0}.Debug|Mixed Platforms.Build.0 = Debug|Any CPU
		{159331A1-ECB8-4D6C-9A66-2B279F78E5A0}.Debug|Win32.ActiveCfg = Debug|Any CPU
		{159331A1-ECB8-4D6C-9A66-2B279F78E5A0}.Debug|Win32.Build.0 = Debug|Any CPU
		{159331A1-ECB8-4D6C-9A66-2B279F78E5A0}.Release|Any CPU.ActiveCfg = Release|Any CPU
		{159331A1-ECB8-4D6C-9A66-2B279F78E5A0}.Release|Any CPU.Build.0 = Release|Any CPU
		{159331A1-ECB8-4D6C-9A66-2B279F78E5A0}.Release|Mixed Platforms.ActiveCfg = Release|Any CPU
		{159331A1-ECB8-4D6C-9A66-2B279F78E5A0}.Release|Mixed Platforms.Build.0 = Release|Any CPU
		{159331A1-ECB8-4D6C-9A66-2B279F78E5A0}.Release|Win32.ActiveCfg = Release|Any CPU
		{159331A1-ECB8-4D6C-9A66-2B279F78E5A0}.Release|Win32.Build.0 = Release|Any CPU
		{DCB66177-CEA3-41B0-AE2E-09D92B3C1185}.Debug|Any CPU.ActiveCfg = Debug|Any CPU
		{DCB66177-CEA3-41B0-AE2E-09D92B3C1185}.Debug|Any CPU.Build.0 = Debug|Any CPU
		{DCB66177-CEA3-41B0-AE2E-09D92B3C1185}.Debug|Mixed Platforms.ActiveCfg = Debug|Any CPU
		{DCB66177-CEA3-41B0-AE2E-09D92B3C1185}.Debug|Mixed Platforms.Build.0 = Debug|Any CPU
		{DCB66177-CEA3-41B0-AE2E-09D92B3C1185}.Debug|Win32.ActiveCfg = Debug|Any CPU
		{DCB66177-CEA3-41B0-AE2E-09D92B3C1185}.Debug|Win32.Build.0 = Debug|Any CPU
		{DCB66177-CEA3-41B0-AE2E-09D92B3C1185}.Release|Any CPU.ActiveCfg = Release|Any CPU
		{DCB66177-CEA3-41B0-AE2E-09D92B3C1185}.Release|Any CPU.Build.0 = Release|Any CPU
		{DCB66177-CEA3-41B0-AE2E-09D92B3C1185}.Release|Mixed Platforms.ActiveCfg = Release|Any CPU
		{DCB66177-CEA3-41B0-AE2E-09D92B3C1185}.Release|Mixed Platforms.Build.0 = Release|Any CPU
		{DCB66177-CEA3-41B0-AE2E-09D92B3C1185}.Release|Win32.ActiveCfg = Release|Any CPU
		{DCB66177-CEA3-41B0-AE2E-09D92B3C1185}.Release|Win32.Build.0 = Release|Any CPU
		{96713D7A-3761-4B89-80A2-6723B0DB63B4}.Debug|Any CPU.ActiveCfg = Debug|Any CPU
		{96713D7A-3761-4B89-80A2-6723B0DB63B4}.Debug|Any CPU.Build.0 = Debug|Any CPU
		{96713D7A-3761-4B89-80A2-6723B0DB63B4}.Debug|Mixed Platforms.ActiveCfg = Debug|Any CPU
		{96713D7A-3761-4B89-80A2-6723B0DB63B4}.Debug|Mixed Platforms.Build.0 = Debug|Any CPU
		{96713D7A-3761-4B89-80A2-6723B0DB63B4}.Debug|Win32.ActiveCfg = Debug|Any CPU
		{96713D7A-3761-4B89-80A2-6723B0DB63B4}.Debug|Win32.Build.0 = Debug|Any CPU
		{96713D7A-3761-4B89-80A2-6723B0DB63B4}.Release|Any CPU.ActiveCfg = Release|Any CPU
		{96713D7A-3761-4B89-80A2-6723B0DB63B4}.Release|Any CPU.Build.0 = Release|Any CPU
		{96713D7A-3761-4B89-80A2-6723B0DB63B4}.Release|Mixed Platforms.ActiveCfg = Release|Any CPU
		{96713D7A-3761-4B89-80A2-6723B0DB63B4}.Release|Mixed Platforms.Build.0 = Release|Any CPU
		{96713D7A-3761-4B89-80A2-6723B0DB63B4}.Release|Win32.ActiveCfg = Release|Any CPU
		{96713D7A-3761-4B89-80A2-6723B0DB63B4}.Release|Win32.Build.0 = Release|Any CPU
		{0CACB8D4-46BA-4429-86AA-E92134259494}.Debug|Any CPU.ActiveCfg = Debug|Any CPU
		{0CACB8D4-46BA-4429-86AA-E92134259494}.Debug|Any CPU.Build.0 = Debug|Any CPU
		{0CACB8D4-46BA-4429-86AA-E92134259494}.Debug|Mixed Platforms.ActiveCfg = Debug|Any CPU
		{0CACB8D4-46BA-4429-86AA-E92134259494}.Debug|Mixed Platforms.Build.0 = Debug|Any CPU
		{0CACB8D4-46BA-4429-86AA-E92134259494}.Debug|Win32.ActiveCfg = Debug|Any CPU
		{0CACB8D4-46BA-4429-86AA-E92134259494}.Debug|Win32.Build.0 = Debug|Any CPU
		{0CACB8D4-46BA-4429-86AA-E92134259494}.Release|Any CPU.ActiveCfg = Release|Any CPU
		{0CACB8D4-46BA-4429-86AA-E92134259494}.Release|Any CPU.Build.0 = Release|Any CPU
		{0CACB8D4-46BA-4429-86AA-E92134259494}.Release|Mixed Platforms.ActiveCfg = Release|Any CPU
		{0CACB8D4-46BA-4429-86AA-E92134259494}.Release|Mixed Platforms.Build.0 = Release|Any CPU
		{0CACB8D4-46BA-4429-86AA-E92134259494}.Release|Win32.ActiveCfg = Release|Any CPU
		{0CACB8D4-46BA-4429-86AA-E92134259494}.Release|Win32.Build.0 = Release|Any CPU
		{36C07547-DF0F-49D5-8E36-93D05B348036}.Debug|Any CPU.ActiveCfg = Debug|Any CPU
		{36C07547-DF0F-49D5-8E36-93D05B348036}.Debug|Any CPU.Build.0 = Debug|Any CPU
		{36C07547-DF0F-49D5-8E36-93D05B348036}.Debug|Mixed Platforms.ActiveCfg = Debug|Any CPU
		{36C07547-DF0F-49D5-8E36-93D05B348036}.Debug|Mixed Platforms.Build.0 = Debug|Any CPU
		{36C07547-DF0F-49D5-8E36-93D05B348036}.Debug|Win32.ActiveCfg = Debug|Any CPU
		{36C07547-DF0F-49D5-8E36-93D05B348036}.Debug|Win32.Build.0 = Debug|Any CPU
		{36C07547-DF0F-49D5-8E36-93D05B348036}.Release|Any CPU.ActiveCfg = Release|Any CPU
		{36C07547-DF0F-49D5-8E36-93D05B348036}.Release|Any CPU.Build.0 = Release|Any CPU
		{36C07547-DF0F-49D5-8E36-93D05B348036}.Release|Mixed Platforms.ActiveCfg = Release|Any CPU
		{36C07547-DF0F-49D5-8E36-93D05B348036}.Release|Mixed Platforms.Build.0 = Release|Any CPU
		{36C07547-DF0F-49D5-8E36-93D05B348036}.Release|Win32.ActiveCfg = Release|Any CPU
		{36C07547-DF0F-49D5-8E36-93D05B348036}.Release|Win32.Build.0 = Release|Any CPU
		{D320C7AB-2F99-486A-B990-47A526CB9F2E}.Debug|Any CPU.ActiveCfg = Debug|Any CPU
		{D320C7AB-2F99-486A-B990-47A526CB9F2E}.Debug|Any CPU.Build.0 = Debug|Any CPU
		{D320C7AB-2F99-486A-B990-47A526CB9F2E}.Debug|Mixed Platforms.ActiveCfg = Debug|Any CPU
		{D320C7AB-2F99-486A-B990-47A526CB9F2E}.Debug|Mixed Platforms.Build.0 = Debug|Any CPU
		{D320C7AB-2F99-486A-B990-47A526CB9F2E}.Debug|Win32.ActiveCfg = Debug|Any CPU
		{D320C7AB-2F99-486A-B990-47A526CB9F2E}.Debug|Win32.Build.0 = Debug|Any CPU
		{D320C7AB-2F99-486A-B990-47A526CB9F2E}.Release|Any CPU.ActiveCfg = Release|Any CPU
		{D320C7AB-2F99-486A-B990-47A526CB9F2E}.Release|Any CPU.Build.0 = Release|Any CPU
		{D320C7AB-2F99-486A-B990-47A526CB9F2E}.Release|Mixed Platforms.ActiveCfg = Release|Any CPU
		{D320C7AB-2F99-486A-B990-47A526CB9F2E}.Release|Mixed Platforms.Build.0 = Release|Any CPU
		{D320C7AB-2F99-486A-B990-47A526CB9F2E}.Release|Win32.ActiveCfg = Release|Any CPU
		{D320C7AB-2F99-486A-B990-47A526CB9F2E}.Release|Win32.Build.0 = Release|Any CPU
		{63CF2518-53E7-4640-8EBE-EA0AF1B634E3}.Debug|Any CPU.ActiveCfg = Debug|Any CPU
		{63CF2518-53E7-4640-8EBE-EA0AF1B634E3}.Debug|Any CPU.Build.0 = Debug|Any CPU
		{63CF2518-53E7-4640-8EBE-EA0AF1B634E3}.Debug|Mixed Platforms.ActiveCfg = Debug|Any CPU
		{63CF2518-53E7-4640-8EBE-EA0AF1B634E3}.Debug|Mixed Platforms.Build.0 = Debug|Any CPU
		{63CF2518-53E7-4640-8EBE-EA0AF1B634E3}.Debug|Win32.ActiveCfg = Debug|Any CPU
		{63CF2518-53E7-4640-8EBE-EA0AF1B634E3}.Debug|Win32.Build.0 = Debug|Any CPU
		{63CF2518-53E7-4640-8EBE-EA0AF1B634E3}.Release|Any CPU.ActiveCfg = Release|Any CPU
		{63CF2518-53E7-4640-8EBE-EA0AF1B634E3}.Release|Any CPU.Build.0 = Release|Any CPU
		{63CF2518-53E7-4640-8EBE-EA0AF1B634E3}.Release|Mixed Platforms.ActiveCfg = Release|Any CPU
		{63CF2518-53E7-4640-8EBE-EA0AF1B634E3}.Release|Mixed Platforms.Build.0 = Release|Any CPU
		{63CF2518-53E7-4640-8EBE-EA0AF1B634E3}.Release|Win32.ActiveCfg = Release|Any CPU
		{63CF2518-53E7-4640-8EBE-EA0AF1B634E3}.Release|Win32.Build.0 = Release|Any CPU
		{898782DA-6E44-4BC0-8402-347A5672E4F5}.Debug|Any CPU.ActiveCfg = Debug|Any CPU
		{898782DA-6E44-4BC0-8402-347A5672E4F5}.Debug|Any CPU.Build.0 = Debug|Any CPU
		{898782DA-6E44-4BC0-8402-347A5672E4F5}.Debug|Mixed Platforms.ActiveCfg = Debug|Any CPU
		{898782DA-6E44-4BC0-8402-347A5672E4F5}.Debug|Mixed Platforms.Build.0 = Debug|Any CPU
		{898782DA-6E44-4BC0-8402-347A5672E4F5}.Debug|Win32.ActiveCfg = Debug|Any CPU
		{898782DA-6E44-4BC0-8402-347A5672E4F5}.Debug|Win32.Build.0 = Debug|Any CPU
		{898782DA-6E44-4BC0-8402-347A5672E4F5}.Release|Any CPU.ActiveCfg = Release|Any CPU
		{898782DA-6E44-4BC0-8402-347A5672E4F5}.Release|Any CPU.Build.0 = Release|Any CPU
		{898782DA-6E44-4BC0-8402-347A5672E4F5}.Release|Mixed Platforms.ActiveCfg = Release|Any CPU
		{898782DA-6E44-4BC0-8402-347A5672E4F5}.Release|Mixed Platforms.Build.0 = Release|Any CPU
		{898782DA-6E44-4BC0-8402-347A5672E4F5}.Release|Win32.ActiveCfg = Release|Any CPU
		{898782DA-6E44-4BC0-8402-347A5672E4F5}.Release|Win32.Build.0 = Release|Any CPU
	EndGlobalSection
	GlobalSection(SolutionProperties) = preSolution
		HideSolutionNode = FALSE
	EndGlobalSection
	GlobalSection(NestedProjects) = preSolution
		{9A7151F0-897B-470E-9AC2-2CEEE674AD2F} = {FE738935-FFAA-4B40-A051-A6F9B8D58964}
		{E6BFFA45-E5F3-48D1-A5A8-953A37B6E7E7} = {ACB44254-D3B3-42F4-826E-63A377AEC494}
		{106DAE0E-0FBB-45C4-B4E1-C2C9FFD58DE0} = {ACB44254-D3B3-42F4-826E-63A377AEC494}
		{7E82EB3E-C8C6-4084-ADC8-47E8E24484F1} = {BB82934D-28DD-407E-984D-39767D8455B8}
		{3B8DF4A7-DC9F-4B3D-8759-290120A74218} = {D6766080-123A-44CA-9F31-2638B9403286}
		{B8CB21A0-8B03-4886-AAD5-C3CE983488B0} = {FD53D91B-89C8-4E78-8870-38429ACB27E3}
		{618A6F79-4251-4969-857B-E806C0F45882} = {6AC71520-9D21-4146-972E-D9FA4DDD9019}
		{C707980B-CDAC-4A23-BE4C-5E41856541B0} = {6AC71520-9D21-4146-972E-D9FA4DDD9019}
		{FB7B9323-1BD7-4B36-9981-5EB88F3390EB} = {FE738935-FFAA-4B40-A051-A6F9B8D58964}
		{ACB44254-D3B3-42F4-826E-63A377AEC494} = {BB82934D-28DD-407E-984D-39767D8455B8}
		{181DDD13-5842-4AEF-B89F-B2F4F4861346} = {FD53D91B-89C8-4E78-8870-38429ACB27E3}
		{D6766080-123A-44CA-9F31-2638B9403286} = {FD53D91B-89C8-4E78-8870-38429ACB27E3}
		{ABC3FF60-A110-4263-8E43-52BEAE6E5478} = {D6766080-123A-44CA-9F31-2638B9403286}
		{159331A1-ECB8-4D6C-9A66-2B279F78E5A0} = {181DDD13-5842-4AEF-B89F-B2F4F4861346}
		{DCB66177-CEA3-41B0-AE2E-09D92B3C1185} = {181DDD13-5842-4AEF-B89F-B2F4F4861346}
		{96713D7A-3761-4B89-80A2-6723B0DB63B4} = {FE738935-FFAA-4B40-A051-A6F9B8D58964}
		{0CACB8D4-46BA-4429-86AA-E92134259494} = {6AC71520-9D21-4146-972E-D9FA4DDD9019}
		{36C07547-DF0F-49D5-8E36-93D05B348036} = {6AC71520-9D21-4146-972E-D9FA4DDD9019}
		{D320C7AB-2F99-486A-B990-47A526CB9F2E} = {9C9A93BC-FC73-4C77-B0D3-62B3B7F2B8AF}
		{3DBF51CF-4AB9-42A2-AD19-F0C4D34C33A8} = {181DDD13-5842-4AEF-B89F-B2F4F4861346}
		{63CF2518-53E7-4640-8EBE-EA0AF1B634E3} = {3DBF51CF-4AB9-42A2-AD19-F0C4D34C33A8}
		{898782DA-6E44-4BC0-8402-347A5672E4F5} = {9C9A93BC-FC73-4C77-B0D3-62B3B7F2B8AF}
	EndGlobalSection
	GlobalSection(ExtensibilityGlobals) = postSolution
		SolutionGuid = {1E1C4CD8-26A7-4A10-804E-67B76E8DBCF8}
	EndGlobalSection
	GlobalSection(TestCaseManagementSettings) = postSolution
		CategoryFile = Budgetterarn.vsmdi
	EndGlobalSection
EndGlobal
